
Microsoft Visual Studio Solution File, Format Version 12.00
# Visual Studio Version 17
VisualStudioVersion = 17.9.34714.143
MinimumVisualStudioVersion = 10.0.40219.1
Project("{FAE04EC0-301F-11D3-BF4B-00C04F79EFBC}") = "ClickEmu", "ClickEmu\ClickEmu.csproj", "{8481FFC1-7569-476A-A4A1-88D90B64010C}"
EndProject
Global
	GlobalSection(SolutionConfigurationPlatforms) = preSolution
		Debug|Any CPU = Debug|Any CPU
		Release|Any CPU = Release|Any CPU
	EndGlobalSection
	GlobalSection(ProjectConfigurationPlatforms) = postSolution
		{8481FFC1-7569-476A-A4A1-88D90B64010C}.Debug|Any CPU.ActiveCfg = Debug|Any CPU
		{8481FFC1-7569-476A-A4A1-88D90B64010C}.Debug|Any CPU.Build.0 = Debug|Any CPU
		{8481FFC1-7569-476A-A4A1-88D90B64010C}.Release|Any CPU.ActiveCfg = Release|Any CPU
		{8481FFC1-7569-476A-A4A1-88D90B64010C}.Release|Any CPU.Build.0 = Release|Any CPU
	EndGlobalSection
	GlobalSection(SolutionProperties) = preSolution
		HideSolutionNode = FALSE
	EndGlobalSection
	GlobalSection(ExtensibilityGlobals) = postSolution
		SolutionGuid = {219AA8BF-BDD4-4CDE-87CD-94E775324039}
	EndGlobalSection
EndGlobal
